<Solution>
  <Project Path="CredentialFlow.Api/CredentialFlow.Api.csproj" />
  <Project Path="CredentialFlow.Application/CredentialFlow.Application.csproj" />
  <Project Path="CredentialFlow.Domain/CredentialFlow.Domain.csproj" />
  <Project Path="CredentialFlow.Infrastructure/CredentialFlow.Infrastructure.csproj" />
  <Project Path="CredentialFlow.UnitTests/CredentialFlow.UnitTests.csproj" Id="83703c8f-2d72-4632-a606-a17cb214512b" />
</Solution>
